
Microsoft Visual Studio Solution File, Format Version 12.00
# Visual Studio Version 16
VisualStudioVersion = 16.0.31613.86
MinimumVisualStudioVersion = 10.0.40219.1
Project("{FAE04EC0-301F-11D3-BF4B-00C04F79EFBC}") = "tesla-panel-bus", "tesla-panel-bus.csproj", "{D6712805-00F3-4672-8746-2A1CA9DE769B}"
EndProject
Global
	GlobalSection(SolutionConfigurationPlatforms) = preSolution
		Debug|Any CPU = Debug|Any CPU
		Release|Any CPU = Release|Any CPU
	EndGlobalSection
	GlobalSection(ProjectConfigurationPlatforms) = postSolution
		{D6712805-00F3-4672-8746-2A1CA9DE769B}.Debug|Any CPU.ActiveCfg = Debug|Any CPU
		{D6712805-00F3-4672-8746-2A1CA9DE769B}.Debug|Any CPU.Build.0 = Debug|Any CPU
		{D6712805-00F3-4672-8746-2A1CA9DE769B}.Release|Any CPU.ActiveCfg = Release|Any CPU
		{D6712805-00F3-4672-8746-2A1CA9DE769B}.Release|Any CPU.Build.0 = Release|Any CPU
	EndGlobalSection
	GlobalSection(SolutionProperties) = preSolution
		HideSolutionNode = FALSE
	EndGlobalSection
	GlobalSection(ExtensibilityGlobals) = postSolution
		SolutionGuid = {728AE4DD-634B-43C5-9BF6-816BBB2BEC42}
	EndGlobalSection
EndGlobal
